
Microsoft Visual Studio Solution File, Format Version 12.00
# Visual Studio 15
VisualStudioVersion = 15.0.26730.16
MinimumVisualStudioVersion = 10.0.40219.1
Project("{FAE04EC0-301F-11D3-BF4B-00C04F79EFBC}") = "CppTestCaseViewer", "CppTestCaseViewer\CppTestCaseViewer.csproj", "{36026F2D-FE67-4DFE-9D40-D05E0797BED2}"
EndProject
Project("{2150E333-8FDC-42A3-9474-1A3956D46DE8}") = "Solution Items", "Solution Items", "{1D8F3039-92C0-4D6C-86A4-B429D72625CF}"
	ProjectSection(SolutionItems) = preProject
		README.md = README.md
	EndProjectSection
EndProject
Global
	GlobalSection(SolutionConfigurationPlatforms) = preSolution
		Debug|Any CPU = Debug|Any CPU
		Release|Any CPU = Release|Any CPU
	EndGlobalSection
	GlobalSection(ProjectConfigurationPlatforms) = postSolution
		{36026F2D-FE67-4DFE-9D40-D05E0797BED2}.Debug|Any CPU.ActiveCfg = Debug|Any CPU
		{36026F2D-FE67-4DFE-9D40-D05E0797BED2}.Debug|Any CPU.Build.0 = Debug|Any CPU
		{36026F2D-FE67-4DFE-9D40-D05E0797BED2}.Release|Any CPU.ActiveCfg = Release|Any CPU
		{36026F2D-FE67-4DFE-9D40-D05E0797BED2}.Release|Any CPU.Build.0 = Release|Any CPU
	EndGlobalSection
	GlobalSection(SolutionProperties) = preSolution
		HideSolutionNode = FALSE
	EndGlobalSection
	GlobalSection(ExtensibilityGlobals) = postSolution
		SolutionGuid = {FE0131F8-09CE-46AA-A3FB-BDA41AE9B59A}
	EndGlobalSection
EndGlobal
